// !$*UTF8*$!
{
	archiveVersion = 1;
	classes = {
	};
	objectVersion = 51;
	objects = {

/* Begin PBXBuildFile section */
		8F1EAD4303F2EDC55C05C1A5 /* Pods_CodeSnippet.framework in Frameworks */ = {isa = PBXBuildFile; fileRef = B8DDD536BF16438C1612C2AB /* Pods_CodeSnippet.framework */; };
		E72BDFC3256FAA9800C03F09 /* SortDescription+App.swift in Sources */ = {isa = PBXBuildFile; fileRef = E72BDFC2256FAA9800C03F09 /* SortDescription+App.swift */; };
		E7784A7D2615BB4E00C8BF37 /* WeakReferenceStorage.swift in Sources */ = {isa = PBXBuildFile; fileRef = E7784A7A2615BB4E00C8BF37 /* WeakReferenceStorage.swift */; };
		E7784A882615BF0C00C8BF37 /* ObservableTests.swift in Sources */ = {isa = PBXBuildFile; fileRef = E7784A872615BF0C00C8BF37 /* ObservableTests.swift */; };
		E7CFF89625C1B3F500C0310C /* SortDescription.swift in Sources */ = {isa = PBXBuildFile; fileRef = E7CFF89325C1B3F500C0310C /* SortDescription.swift */; };
		E7CFF89725C1B3F500C0310C /* Sequence+SortDescription.swift in Sources */ = {isa = PBXBuildFile; fileRef = E7CFF89425C1B3F500C0310C /* Sequence+SortDescription.swift */; };
		E7CFF89825C1B3F500C0310C /* Sequence+LocalizedOrder.swift in Sources */ = {isa = PBXBuildFile; fileRef = E7CFF89525C1B3F500C0310C /* Sequence+LocalizedOrder.swift */; };
		E7CFF8AE25C1B73200C0310C /* SeparatorView.swift in Sources */ = {isa = PBXBuildFile; fileRef = E7CFF8AD25C1B73200C0310C /* SeparatorView.swift */; };
		E7CFF8D125C1BAD500C0310C /* ViewID.swift in Sources */ = {isa = PBXBuildFile; fileRef = E7CFF8CC25C1BAD500C0310C /* ViewID.swift */; };
		E7CFF8D225C1BAD500C0310C /* VoidHeaderViewModel.swift in Sources */ = {isa = PBXBuildFile; fileRef = E7CFF8CD25C1BAD500C0310C /* VoidHeaderViewModel.swift */; };
		E7CFF8D325C1BAD500C0310C /* ListViewModel.swift in Sources */ = {isa = PBXBuildFile; fileRef = E7CFF8CE25C1BAD500C0310C /* ListViewModel.swift */; };
		E7CFF8D425C1BAD500C0310C /* SectionViewModel.swift in Sources */ = {isa = PBXBuildFile; fileRef = E7CFF8CF25C1BAD500C0310C /* SectionViewModel.swift */; };
		E7CFF8D525C1BAD500C0310C /* DiffableDataSource.swift in Sources */ = {isa = PBXBuildFile; fileRef = E7CFF8D025C1BAD500C0310C /* DiffableDataSource.swift */; };
		E7CFF8E025C1BB7700C0310C /* PersonListViewModel.swift in Sources */ = {isa = PBXBuildFile; fileRef = E7CFF8DF25C1BB7700C0310C /* PersonListViewModel.swift */; };
		E7CFF8FE25C1BDDA00C0310C /* UIAlertControllerFactory.swift in Sources */ = {isa = PBXBuildFile; fileRef = E7CFF8FA25C1BDDA00C0310C /* UIAlertControllerFactory.swift */; };
		E7CFF8FF25C1BDDA00C0310C /* AlertViewModel.swift in Sources */ = {isa = PBXBuildFile; fileRef = E7CFF8FB25C1BDDA00C0310C /* AlertViewModel.swift */; };
		E7CFF90025C1BDDA00C0310C /* AlertActionViewModel.swift in Sources */ = {isa = PBXBuildFile; fileRef = E7CFF8FC25C1BDDA00C0310C /* AlertActionViewModel.swift */; };
		E7CFF90125C1BDDA00C0310C /* AlertPresenting.swift in Sources */ = {isa = PBXBuildFile; fileRef = E7CFF8FD25C1BDDA00C0310C /* AlertPresenting.swift */; };
		E7CFF91225C1BE6000C0310C /* AlertPresenter.swift in Sources */ = {isa = PBXBuildFile; fileRef = E7CFF91125C1BE6000C0310C /* AlertPresenter.swift */; };
		E7CFF94125C1C73200C0310C /* ImageName.swift in Sources */ = {isa = PBXBuildFile; fileRef = E7CFF92725C1C6EB00C0310C /* ImageName.swift */; };
		E7CFF94225C1C73200C0310C /* ImageViewModel.swift in Sources */ = {isa = PBXBuildFile; fileRef = E7CFF92825C1C6EB00C0310C /* ImageViewModel.swift */; };
		E7CFF94325C1C73200C0310C /* ImageViewModel.ImageName+UIImage.swift in Sources */ = {isa = PBXBuildFile; fileRef = E7CFF92A25C1C6EB00C0310C /* ImageViewModel.ImageName+UIImage.swift */; };
		E7CFF94425C1C73200C0310C /* UIImageView+ImageViewModel.swift in Sources */ = {isa = PBXBuildFile; fileRef = E7CFF92925C1C6EB00C0310C /* UIImageView+ImageViewModel.swift */; };
		E7CFF97725C3133F00C0310C /* CSButton.swift in Sources */ = {isa = PBXBuildFile; fileRef = E7CFF97625C3133F00C0310C /* CSButton.swift */; };
		E7CFF9A025C31B0200C0310C /* AutoSizingCollectionView.swift in Sources */ = {isa = PBXBuildFile; fileRef = E7CFF99F25C31B0200C0310C /* AutoSizingCollectionView.swift */; };
		E7CFF9A425C31D3A00C0310C /* ViewStyle+CSButton.swift in Sources */ = {isa = PBXBuildFile; fileRef = E7CFF9A325C31D3A00C0310C /* ViewStyle+CSButton.swift */; };
		E7CFF9B425C43F9400C0310C /* NSManagedObjectContext+NSManagedObject.swift in Sources */ = {isa = PBXBuildFile; fileRef = E7CFF9B125C43F8100C0310C /* NSManagedObjectContext+NSManagedObject.swift */; };
		E7CFF9B625C43F9600C0310C /* CoreDataContainer.swift in Sources */ = {isa = PBXBuildFile; fileRef = E7CFF9B225C43F8100C0310C /* CoreDataContainer.swift */; };
		E7CFF9D025C443E300C0310C /* View+HUD.swift in Sources */ = {isa = PBXBuildFile; fileRef = E7CFF9CE25C443E300C0310C /* View+HUD.swift */; };
		E7CFF9D125C443E300C0310C /* Loadable.swift in Sources */ = {isa = PBXBuildFile; fileRef = E7CFF9CF25C443E300C0310C /* Loadable.swift */; };
		E7CFF9F725C448AD00C0310C /* Hideable.swift in Sources */ = {isa = PBXBuildFile; fileRef = E7CFF9F625C448AD00C0310C /* Hideable.swift */; };
		E7DEB5B22488E20400109C0F /* LaunchScreen.storyboard in Resources */ = {isa = PBXBuildFile; fileRef = E7DEB5A82488E20400109C0F /* LaunchScreen.storyboard */; };
		E7DEB5BB2488E21200109C0F /* AppDelegate.swift in Sources */ = {isa = PBXBuildFile; fileRef = E7DEB5BA2488E21200109C0F /* AppDelegate.swift */; };
		E7F0BC5B2493B24F00D39411 /* CodeSnippet.md in Resources */ = {isa = PBXBuildFile; fileRef = E7F0BC5A2493B24E00D39411 /* CodeSnippet.md */; };
/* End PBXBuildFile section */

/* Begin PBXContainerItemProxy section */
		E7784A8A2615BF0C00C8BF37 /* PBXContainerItemProxy */ = {
			isa = PBXContainerItemProxy;
			containerPortal = E7DEB5882488E0EB00109C0F /* Project object */;
			proxyType = 1;
			remoteGlobalIDString = E7DEB58F2488E0EB00109C0F;
			remoteInfo = CodeSnippet;
		};
/* End PBXContainerItemProxy section */

/* Begin PBXFileReference section */
		6D26136EB0C0F49E3ED5C3F3 /* Pods-CodeSnippet.debug.xcconfig */ = {isa = PBXFileReference; includeInIndex = 1; lastKnownFileType = text.xcconfig; name = "Pods-CodeSnippet.debug.xcconfig"; path = "Target Support Files/Pods-CodeSnippet/Pods-CodeSnippet.debug.xcconfig"; sourceTree = "<group>"; };
		B8DDD536BF16438C1612C2AB /* Pods_CodeSnippet.framework */ = {isa = PBXFileReference; explicitFileType = wrapper.framework; includeInIndex = 0; path = Pods_CodeSnippet.framework; sourceTree = BUILT_PRODUCTS_DIR; };
		E72BDF99256FA70000C03F09 /* TemplateIcon@2x.png */ = {isa = PBXFileReference; lastKnownFileType = image.png; path = "TemplateIcon@2x.png"; sourceTree = "<group>"; };
		E72BDF9C256FA70000C03F09 /* Sequence+SortDescription.swift */ = {isa = PBXFileReference; fileEncoding = 4; lastKnownFileType = sourcecode.swift; path = "Sequence+SortDescription.swift"; sourceTree = "<group>"; };
		E72BDF9E256FA70000C03F09 /* SortDescription.swift */ = {isa = PBXFileReference; fileEncoding = 4; lastKnownFileType = sourcecode.swift; path = SortDescription.swift; sourceTree = "<group>"; };
		E72BDFA0256FA70000C03F09 /* TemplateIcon.png */ = {isa = PBXFileReference; lastKnownFileType = image.png; path = TemplateIcon.png; sourceTree = "<group>"; };
		E72BDFA2256FA70000C03F09 /* TemplateInfo.plist */ = {isa = PBXFileReference; fileEncoding = 4; lastKnownFileType = text.plist.xml; path = TemplateInfo.plist; sourceTree = "<group>"; };
		E72BDFAF256FA8A700C03F09 /* Sequence+LocalizedOrder.swift */ = {isa = PBXFileReference; lastKnownFileType = sourcecode.swift; path = "Sequence+LocalizedOrder.swift"; sourceTree = "<group>"; };
		E72BDFC2256FAA9800C03F09 /* SortDescription+App.swift */ = {isa = PBXFileReference; lastKnownFileType = sourcecode.swift; path = "SortDescription+App.swift"; sourceTree = "<group>"; };
		E72BDFC6256FAE4900C03F09 /* README.md */ = {isa = PBXFileReference; lastKnownFileType = net.daringfireball.markdown; path = README.md; sourceTree = "<group>"; };
		E7784A3A2615B75100C8BF37 /* TemplateIcon@2x.png */ = {isa = PBXFileReference; lastKnownFileType = image.png; path = "TemplateIcon@2x.png"; sourceTree = "<group>"; };
		E7784A3C2615B75100C8BF37 /* TemplateIcon.png */ = {isa = PBXFileReference; lastKnownFileType = image.png; path = TemplateIcon.png; sourceTree = "<group>"; };
		E7784A3D2615B75100C8BF37 /* TemplateInfo.plist */ = {isa = PBXFileReference; fileEncoding = 4; lastKnownFileType = text.plist.xml; path = TemplateInfo.plist; sourceTree = "<group>"; };
		E7784A522615B82500C8BF37 /* README.md */ = {isa = PBXFileReference; lastKnownFileType = net.daringfireball.markdown; path = README.md; sourceTree = "<group>"; };
		E7784A712615BB0300C8BF37 /* WeakReferenceStorage.swift */ = {isa = PBXFileReference; lastKnownFileType = sourcecode.swift; path = WeakReferenceStorage.swift; sourceTree = "<group>"; };
		E7784A7A2615BB4E00C8BF37 /* WeakReferenceStorage.swift */ = {isa = PBXFileReference; lastKnownFileType = sourcecode.swift; path = WeakReferenceStorage.swift; sourceTree = "<group>"; };
		E7784A852615BF0C00C8BF37 /* CodeSnippetTests.xctest */ = {isa = PBXFileReference; explicitFileType = wrapper.cfbundle; includeInIndex = 0; path = CodeSnippetTests.xctest; sourceTree = BUILT_PRODUCTS_DIR; };
		E7784A872615BF0C00C8BF37 /* ObservableTests.swift */ = {isa = PBXFileReference; lastKnownFileType = sourcecode.swift; path = ObservableTests.swift; sourceTree = "<group>"; };
		E7784A892615BF0C00C8BF37 /* Info.plist */ = {isa = PBXFileReference; lastKnownFileType = text.plist.xml; path = Info.plist; sourceTree = "<group>"; };
		E7CFF89325C1B3F500C0310C /* SortDescription.swift */ = {isa = PBXFileReference; lastKnownFileType = sourcecode.swift; path = SortDescription.swift; sourceTree = "<group>"; };
		E7CFF89425C1B3F500C0310C /* Sequence+SortDescription.swift */ = {isa = PBXFileReference; lastKnownFileType = sourcecode.swift; path = "Sequence+SortDescription.swift"; sourceTree = "<group>"; };
		E7CFF89525C1B3F500C0310C /* Sequence+LocalizedOrder.swift */ = {isa = PBXFileReference; lastKnownFileType = sourcecode.swift; path = "Sequence+LocalizedOrder.swift"; sourceTree = "<group>"; };
		E7CFF8A325C1B69000C0310C /* TemplateIcon.png */ = {isa = PBXFileReference; lastKnownFileType = image.png; path = TemplateIcon.png; sourceTree = "<group>"; };
		E7CFF8A425C1B69000C0310C /* TemplateIcon@2x.png */ = {isa = PBXFileReference; lastKnownFileType = image.png; path = "TemplateIcon@2x.png"; sourceTree = "<group>"; };
		E7CFF8A825C1B69000C0310C /* TemplateInfo.plist */ = {isa = PBXFileReference; lastKnownFileType = text.plist.xml; path = TemplateInfo.plist; sourceTree = "<group>"; };
		E7CFF8A925C1B6C000C0310C /* SeparatorView.swift */ = {isa = PBXFileReference; lastKnownFileType = sourcecode.swift; path = SeparatorView.swift; sourceTree = "<group>"; };
		E7CFF8AD25C1B73200C0310C /* SeparatorView.swift */ = {isa = PBXFileReference; lastKnownFileType = sourcecode.swift; path = SeparatorView.swift; sourceTree = "<group>"; };
		E7CFF8B325C1B75200C0310C /* README.md */ = {isa = PBXFileReference; lastKnownFileType = net.daringfireball.markdown; path = README.md; sourceTree = "<group>"; };
		E7CFF8B625C1B88800C0310C /* TemplateIcon.png */ = {isa = PBXFileReference; lastKnownFileType = image.png; path = TemplateIcon.png; sourceTree = "<group>"; };
		E7CFF8B725C1B88800C0310C /* TemplateInfo.plist */ = {isa = PBXFileReference; lastKnownFileType = text.plist.xml; path = TemplateInfo.plist; sourceTree = "<group>"; };
		E7CFF8B825C1B88800C0310C /* TemplateIcon@2x.png */ = {isa = PBXFileReference; lastKnownFileType = image.png; path = "TemplateIcon@2x.png"; sourceTree = "<group>"; };
		E7CFF8BA25C1B8AB00C0310C /* ListViewModel.swift */ = {isa = PBXFileReference; lastKnownFileType = sourcecode.swift; path = ListViewModel.swift; sourceTree = "<group>"; };
		E7CFF8BB25C1B8DB00C0310C /* SectionViewModel.swift */ = {isa = PBXFileReference; lastKnownFileType = sourcecode.swift; path = SectionViewModel.swift; sourceTree = "<group>"; };
		E7CFF8C025C1B95D00C0310C /* VoidHeaderViewModel.swift */ = {isa = PBXFileReference; lastKnownFileType = sourcecode.swift; path = VoidHeaderViewModel.swift; sourceTree = "<group>"; };
		E7CFF8C425C1B9B400C0310C /* ViewID.swift */ = {isa = PBXFileReference; lastKnownFileType = sourcecode.swift; path = ViewID.swift; sourceTree = "<group>"; };
		E7CFF8C925C1BA3800C0310C /* DiffableDataSource.swift */ = {isa = PBXFileReference; lastKnownFileType = sourcecode.swift; path = DiffableDataSource.swift; sourceTree = "<group>"; };
		E7CFF8CC25C1BAD500C0310C /* ViewID.swift */ = {isa = PBXFileReference; lastKnownFileType = sourcecode.swift; path = ViewID.swift; sourceTree = "<group>"; };
		E7CFF8CD25C1BAD500C0310C /* VoidHeaderViewModel.swift */ = {isa = PBXFileReference; lastKnownFileType = sourcecode.swift; path = VoidHeaderViewModel.swift; sourceTree = "<group>"; };
		E7CFF8CE25C1BAD500C0310C /* ListViewModel.swift */ = {isa = PBXFileReference; lastKnownFileType = sourcecode.swift; path = ListViewModel.swift; sourceTree = "<group>"; };
		E7CFF8CF25C1BAD500C0310C /* SectionViewModel.swift */ = {isa = PBXFileReference; lastKnownFileType = sourcecode.swift; path = SectionViewModel.swift; sourceTree = "<group>"; };
		E7CFF8D025C1BAD500C0310C /* DiffableDataSource.swift */ = {isa = PBXFileReference; lastKnownFileType = sourcecode.swift; path = DiffableDataSource.swift; sourceTree = "<group>"; };
		E7CFF8DE25C1BB5C00C0310C /* README.md */ = {isa = PBXFileReference; lastKnownFileType = net.daringfireball.markdown; path = README.md; sourceTree = "<group>"; };
		E7CFF8DF25C1BB7700C0310C /* PersonListViewModel.swift */ = {isa = PBXFileReference; lastKnownFileType = sourcecode.swift; path = PersonListViewModel.swift; sourceTree = "<group>"; };
		E7CFF8E525C1BC3800C0310C /* TemplateIcon@2x.png */ = {isa = PBXFileReference; lastKnownFileType = image.png; path = "TemplateIcon@2x.png"; sourceTree = "<group>"; };
		E7CFF8E625C1BC3800C0310C /* TemplateIcon.png */ = {isa = PBXFileReference; lastKnownFileType = image.png; path = TemplateIcon.png; sourceTree = "<group>"; };
		E7CFF8E725C1BC3800C0310C /* TemplateInfo.plist */ = {isa = PBXFileReference; lastKnownFileType = text.plist.xml; path = TemplateInfo.plist; sourceTree = "<group>"; };
		E7CFF8E825C1BC5900C0310C /* AlertViewModel.swift */ = {isa = PBXFileReference; lastKnownFileType = sourcecode.swift; path = AlertViewModel.swift; sourceTree = "<group>"; };
		E7CFF8EE25C1BC6700C0310C /* AlertActionViewModel.swift */ = {isa = PBXFileReference; lastKnownFileType = sourcecode.swift; path = AlertActionViewModel.swift; sourceTree = "<group>"; };
		E7CFF8F225C1BC7900C0310C /* AlertPresenting.swift */ = {isa = PBXFileReference; lastKnownFileType = sourcecode.swift; path = AlertPresenting.swift; sourceTree = "<group>"; };
		E7CFF8F825C1BD5800C0310C /* UIAlertControllerFactory.swift */ = {isa = PBXFileReference; lastKnownFileType = sourcecode.swift; path = UIAlertControllerFactory.swift; sourceTree = "<group>"; };
		E7CFF8FA25C1BDDA00C0310C /* UIAlertControllerFactory.swift */ = {isa = PBXFileReference; lastKnownFileType = sourcecode.swift; path = UIAlertControllerFactory.swift; sourceTree = "<group>"; };
		E7CFF8FB25C1BDDA00C0310C /* AlertViewModel.swift */ = {isa = PBXFileReference; lastKnownFileType = sourcecode.swift; path = AlertViewModel.swift; sourceTree = "<group>"; };
		E7CFF8FC25C1BDDA00C0310C /* AlertActionViewModel.swift */ = {isa = PBXFileReference; lastKnownFileType = sourcecode.swift; path = AlertActionViewModel.swift; sourceTree = "<group>"; };
		E7CFF8FD25C1BDDA00C0310C /* AlertPresenting.swift */ = {isa = PBXFileReference; lastKnownFileType = sourcecode.swift; path = AlertPresenting.swift; sourceTree = "<group>"; };
		E7CFF91125C1BE6000C0310C /* AlertPresenter.swift */ = {isa = PBXFileReference; lastKnownFileType = sourcecode.swift; path = AlertPresenter.swift; sourceTree = "<group>"; };
		E7CFF91425C1BF4400C0310C /* README.md */ = {isa = PBXFileReference; lastKnownFileType = net.daringfireball.markdown; path = README.md; sourceTree = "<group>"; };
		E7CFF91625C1BFDD00C0310C /* TemplateIcon@2x.png */ = {isa = PBXFileReference; lastKnownFileType = image.png; path = "TemplateIcon@2x.png"; sourceTree = "<group>"; };
		E7CFF91725C1BFDD00C0310C /* TemplateIcon.png */ = {isa = PBXFileReference; lastKnownFileType = image.png; path = TemplateIcon.png; sourceTree = "<group>"; };
		E7CFF91825C1BFDD00C0310C /* TemplateInfo.plist */ = {isa = PBXFileReference; lastKnownFileType = text.plist.xml; path = TemplateInfo.plist; sourceTree = "<group>"; };
		E7CFF91925C1C06200C0310C /* ImageViewModel.swift */ = {isa = PBXFileReference; lastKnownFileType = sourcecode.swift; path = ImageViewModel.swift; sourceTree = "<group>"; };
		E7CFF91E25C1C21C00C0310C /* ImageName.swift */ = {isa = PBXFileReference; lastKnownFileType = sourcecode.swift; path = ImageName.swift; sourceTree = "<group>"; };
		E7CFF92425C1C27000C0310C /* ImageViewModel.ImageName+UIImage.swift */ = {isa = PBXFileReference; lastKnownFileType = sourcecode.swift; path = "ImageViewModel.ImageName+UIImage.swift"; sourceTree = "<group>"; };
		E7CFF92525C1C27000C0310C /* UIImageView+ImageViewModel.swift */ = {isa = PBXFileReference; lastKnownFileType = sourcecode.swift; path = "UIImageView+ImageViewModel.swift"; sourceTree = "<group>"; };
		E7CFF92725C1C6EB00C0310C /* ImageName.swift */ = {isa = PBXFileReference; lastKnownFileType = sourcecode.swift; path = ImageName.swift; sourceTree = "<group>"; };
		E7CFF92825C1C6EB00C0310C /* ImageViewModel.swift */ = {isa = PBXFileReference; lastKnownFileType = sourcecode.swift; path = ImageViewModel.swift; sourceTree = "<group>"; };
		E7CFF92925C1C6EB00C0310C /* UIImageView+ImageViewModel.swift */ = {isa = PBXFileReference; lastKnownFileType = sourcecode.swift; path = "UIImageView+ImageViewModel.swift"; sourceTree = "<group>"; };
		E7CFF92A25C1C6EB00C0310C /* ImageViewModel.ImageName+UIImage.swift */ = {isa = PBXFileReference; lastKnownFileType = sourcecode.swift; path = "ImageViewModel.ImageName+UIImage.swift"; sourceTree = "<group>"; };
		E7CFF97125C3119C00C0310C /* TemplateInfo.plist */ = {isa = PBXFileReference; lastKnownFileType = text.plist.xml; path = TemplateInfo.plist; sourceTree = "<group>"; };
		E7CFF97225C3119C00C0310C /* TemplateIcon.png */ = {isa = PBXFileReference; lastKnownFileType = image.png; path = TemplateIcon.png; sourceTree = "<group>"; };
		E7CFF97325C3119C00C0310C /* ADButton.swift */ = {isa = PBXFileReference; lastKnownFileType = sourcecode.swift; path = ADButton.swift; sourceTree = "<group>"; };
		E7CFF97425C3119C00C0310C /* TemplateIcon@2x.png */ = {isa = PBXFileReference; lastKnownFileType = image.png; path = "TemplateIcon@2x.png"; sourceTree = "<group>"; };
		E7CFF97625C3133F00C0310C /* CSButton.swift */ = {isa = PBXFileReference; lastKnownFileType = sourcecode.swift; path = CSButton.swift; sourceTree = "<group>"; };
		E7CFF97A25C3134200C0310C /* README.md */ = {isa = PBXFileReference; lastKnownFileType = net.daringfireball.markdown; path = README.md; sourceTree = "<group>"; };
		E7CFF99425C31AA100C0310C /* TemplateIcon@2x.png */ = {isa = PBXFileReference; lastKnownFileType = image.png; path = "TemplateIcon@2x.png"; sourceTree = "<group>"; };
		E7CFF99525C31AA100C0310C /* Loadable.swift */ = {isa = PBXFileReference; fileEncoding = 4; lastKnownFileType = sourcecode.swift; path = Loadable.swift; sourceTree = "<group>"; };
		E7CFF99625C31AA100C0310C /* TemplateIcon.png */ = {isa = PBXFileReference; lastKnownFileType = image.png; path = TemplateIcon.png; sourceTree = "<group>"; };
		E7CFF99725C31AA100C0310C /* TemplateInfo.plist */ = {isa = PBXFileReference; fileEncoding = 4; lastKnownFileType = text.plist.xml; path = TemplateInfo.plist; sourceTree = "<group>"; };
		E7CFF99F25C31B0200C0310C /* AutoSizingCollectionView.swift */ = {isa = PBXFileReference; lastKnownFileType = sourcecode.swift; path = AutoSizingCollectionView.swift; sourceTree = "<group>"; };
		E7CFF9A225C31B4300C0310C /* README.md */ = {isa = PBXFileReference; lastKnownFileType = net.daringfireball.markdown; path = README.md; sourceTree = "<group>"; };
		E7CFF9A325C31D3A00C0310C /* ViewStyle+CSButton.swift */ = {isa = PBXFileReference; lastKnownFileType = sourcecode.swift; path = "ViewStyle+CSButton.swift"; sourceTree = "<group>"; };
		E7CFF9AD25C43EEB00C0310C /* NSManagedObjectContext+NSManagedObject.swift */ = {isa = PBXFileReference; lastKnownFileType = sourcecode.swift; path = "NSManagedObjectContext+NSManagedObject.swift"; sourceTree = "<group>"; };
		E7CFF9B125C43F8100C0310C /* NSManagedObjectContext+NSManagedObject.swift */ = {isa = PBXFileReference; lastKnownFileType = sourcecode.swift; path = "NSManagedObjectContext+NSManagedObject.swift"; sourceTree = "<group>"; };
		E7CFF9B225C43F8100C0310C /* CoreDataContainer.swift */ = {isa = PBXFileReference; lastKnownFileType = sourcecode.swift; path = CoreDataContainer.swift; sourceTree = "<group>"; };
		E7CFF9B925C4416D00C0310C /* TemplateIcon@2x.png */ = {isa = PBXFileReference; lastKnownFileType = image.png; path = "TemplateIcon@2x.png"; sourceTree = "<group>"; };
		E7CFF9BA25C4416D00C0310C /* AutoSizingCollectionView.swift */ = {isa = PBXFileReference; lastKnownFileType = sourcecode.swift; path = AutoSizingCollectionView.swift; sourceTree = "<group>"; };
		E7CFF9BB25C4416D00C0310C /* TemplateIcon.png */ = {isa = PBXFileReference; lastKnownFileType = image.png; path = TemplateIcon.png; sourceTree = "<group>"; };
		E7CFF9BC25C4416D00C0310C /* TemplateInfo.plist */ = {isa = PBXFileReference; lastKnownFileType = text.plist.xml; path = TemplateInfo.plist; sourceTree = "<group>"; };
		E7CFF9C325C441CC00C0310C /* View+HUD.swift */ = {isa = PBXFileReference; lastKnownFileType = sourcecode.swift; path = "View+HUD.swift"; sourceTree = "<group>"; };
		E7CFF9CE25C443E300C0310C /* View+HUD.swift */ = {isa = PBXFileReference; lastKnownFileType = sourcecode.swift; path = "View+HUD.swift"; sourceTree = "<group>"; };
		E7CFF9CF25C443E300C0310C /* Loadable.swift */ = {isa = PBXFileReference; lastKnownFileType = sourcecode.swift; path = Loadable.swift; sourceTree = "<group>"; };
		E7CFF9E425C4442800C0310C /* README.md */ = {isa = PBXFileReference; lastKnownFileType = net.daringfireball.markdown; path = README.md; sourceTree = "<group>"; };
		E7CFF9E625C4449A00C0310C /* Hideable.swift */ = {isa = PBXFileReference; lastKnownFileType = sourcecode.swift; path = Hideable.swift; sourceTree = "<group>"; };
		E7CFF9EB25C444BE00C0310C /* TemplateIcon.png */ = {isa = PBXFileReference; lastKnownFileType = image.png; path = TemplateIcon.png; sourceTree = "<group>"; };
		E7CFF9EC25C444BE00C0310C /* TemplateInfo.plist */ = {isa = PBXFileReference; lastKnownFileType = text.plist.xml; path = TemplateInfo.plist; sourceTree = "<group>"; };
		E7CFF9ED25C444BE00C0310C /* TemplateIcon@2x.png */ = {isa = PBXFileReference; lastKnownFileType = image.png; path = "TemplateIcon@2x.png"; sourceTree = "<group>"; };
		E7CFF9F425C4455800C0310C /* README.md */ = {isa = PBXFileReference; lastKnownFileType = net.daringfireball.markdown; path = README.md; sourceTree = "<group>"; };
		E7CFF9F625C448AD00C0310C /* Hideable.swift */ = {isa = PBXFileReference; lastKnownFileType = sourcecode.swift; path = Hideable.swift; sourceTree = "<group>"; };
		E7DEB5902488E0EB00109C0F /* CodeSnippet.app */ = {isa = PBXFileReference; explicitFileType = wrapper.application; includeInIndex = 0; path = CodeSnippet.app; sourceTree = BUILT_PRODUCTS_DIR; };
		E7DEB5A82488E20400109C0F /* LaunchScreen.storyboard */ = {isa = PBXFileReference; fileEncoding = 4; lastKnownFileType = file.storyboard; path = LaunchScreen.storyboard; sourceTree = "<group>"; };
		E7DEB5BA2488E21200109C0F /* AppDelegate.swift */ = {isa = PBXFileReference; lastKnownFileType = sourcecode.swift; path = AppDelegate.swift; sourceTree = "<group>"; };
		E7DEB5BD2488E3E300109C0F /* Info.plist */ = {isa = PBXFileReference; fileEncoding = 4; lastKnownFileType = text.plist.xml; path = Info.plist; sourceTree = "<group>"; };
		E7DEB5CB2488E64400109C0F /* TemplateIcon@2x.png */ = {isa = PBXFileReference; lastKnownFileType = image.png; path = "TemplateIcon@2x.png"; sourceTree = "<group>"; };
		E7DEB5CD2488E64400109C0F /* TemplateIcon.png */ = {isa = PBXFileReference; lastKnownFileType = image.png; path = TemplateIcon.png; sourceTree = "<group>"; };
		E7DEB5CE2488E64400109C0F /* TemplateInfo.plist */ = {isa = PBXFileReference; lastKnownFileType = text.plist.xml; path = TemplateInfo.plist; sourceTree = "<group>"; };
		E7DEB5CF2488E64400109C0F /* CoreDataContainer.swift */ = {isa = PBXFileReference; lastKnownFileType = sourcecode.swift; path = CoreDataContainer.swift; sourceTree = "<group>"; };
		E7DEB5D92488E7AB00109C0F /* README.md */ = {isa = PBXFileReference; lastKnownFileType = net.daringfireball.markdown; path = README.md; sourceTree = "<group>"; };
		E7DEB5DB2488E96B00109C0F /* README.md */ = {isa = PBXFileReference; lastKnownFileType = net.daringfireball.markdown; path = README.md; sourceTree = "<group>"; };
		E7F0BC5A2493B24E00D39411 /* CodeSnippet.md */ = {isa = PBXFileReference; fileEncoding = 4; lastKnownFileType = net.daringfireball.markdown; path = CodeSnippet.md; sourceTree = "<group>"; };
		EDD6EC3DBD754B25AB8FDC41 /* Pods-CodeSnippet.release.xcconfig */ = {isa = PBXFileReference; includeInIndex = 1; lastKnownFileType = text.xcconfig; name = "Pods-CodeSnippet.release.xcconfig"; path = "Target Support Files/Pods-CodeSnippet/Pods-CodeSnippet.release.xcconfig"; sourceTree = "<group>"; };
/* End PBXFileReference section */

/* Begin PBXFrameworksBuildPhase section */
		E7784A822615BF0C00C8BF37 /* Frameworks */ = {
			isa = PBXFrameworksBuildPhase;
			buildActionMask = 2147483647;
			files = (
			);
			runOnlyForDeploymentPostprocessing = 0;
		};
		E7DEB58D2488E0EB00109C0F /* Frameworks */ = {
			isa = PBXFrameworksBuildPhase;
			buildActionMask = 2147483647;
			files = (
				8F1EAD4303F2EDC55C05C1A5 /* Pods_CodeSnippet.framework in Frameworks */,
			);
			runOnlyForDeploymentPostprocessing = 0;
		};
/* End PBXFrameworksBuildPhase section */

/* Begin PBXGroup section */
		E40916ADD9B8AF1A9712068C /* Frameworks */ = {
			isa = PBXGroup;
			children = (
				B8DDD536BF16438C1612C2AB /* Pods_CodeSnippet.framework */,
			);
			name = Frameworks;
			sourceTree = "<group>";
		};
		E72BDF98256FA70000C03F09 /* ADSortDescription.xctemplate */ = {
			isa = PBXGroup;
			children = (
				E72BDF9E256FA70000C03F09 /* SortDescription.swift */,
				E72BDF9C256FA70000C03F09 /* Sequence+SortDescription.swift */,
				E72BDFAF256FA8A700C03F09 /* Sequence+LocalizedOrder.swift */,
				E72BDFA0256FA70000C03F09 /* TemplateIcon.png */,
				E72BDF99256FA70000C03F09 /* TemplateIcon@2x.png */,
				E72BDFA2256FA70000C03F09 /* TemplateInfo.plist */,
			);
			path = ADSortDescription.xctemplate;
			sourceTree = "<group>";
		};
		E7784A392615B75100C8BF37 /* ADWeakReferenceStorage.xctemplate */ = {
			isa = PBXGroup;
			children = (
				E7784A712615BB0300C8BF37 /* WeakReferenceStorage.swift */,
				E7784A3A2615B75100C8BF37 /* TemplateIcon@2x.png */,
				E7784A3C2615B75100C8BF37 /* TemplateIcon.png */,
				E7784A3D2615B75100C8BF37 /* TemplateInfo.plist */,
			);
			path = ADWeakReferenceStorage.xctemplate;
			sourceTree = "<group>";
		};
		E7784A4B2615B81000C8BF37 /* ADWeakReferenceStorage */ = {
			isa = PBXGroup;
			children = (
				E7784A522615B82500C8BF37 /* README.md */,
				E7784A7A2615BB4E00C8BF37 /* WeakReferenceStorage.swift */,
			);
			path = ADWeakReferenceStorage;
			sourceTree = "<group>";
		};
		E7784A862615BF0C00C8BF37 /* CodeSnippetTests */ = {
			isa = PBXGroup;
			children = (
				E7784A872615BF0C00C8BF37 /* ObservableTests.swift */,
				E7784A892615BF0C00C8BF37 /* Info.plist */,
			);
			path = CodeSnippetTests;
			sourceTree = "<group>";
		};
		E7CFF88925C1B0CE00C0310C /* ADSortDescription */ = {
			isa = PBXGroup;
			children = (
				E72BDFC6256FAE4900C03F09 /* README.md */,
				E72BDFC2256FAA9800C03F09 /* SortDescription+App.swift */,
				E7CFF89325C1B3F500C0310C /* SortDescription.swift */,
				E7CFF89425C1B3F500C0310C /* Sequence+SortDescription.swift */,
				E7CFF89525C1B3F500C0310C /* Sequence+LocalizedOrder.swift */,
			);
			path = ADSortDescription;
			sourceTree = "<group>";
		};
		E7CFF8A025C1B67F00C0310C /* UI */ = {
			isa = PBXGroup;
			children = (
				E7CFF8B425C1B88200C0310C /* ViewModel */,
				E7CFF8A125C1B68300C0310C /* View */,
			);
			path = UI;
			sourceTree = "<group>";
		};
		E7CFF8A125C1B68300C0310C /* View */ = {
			isa = PBXGroup;
			children = (
				E7CFF9E525C4448300C0310C /* ADHideable.xctemplate */,
				E7CFF99325C31AA100C0310C /* ADLoadable.xctemplate */,
				E7CFF9B825C4416D00C0310C /* ADAutoSizingCollectionView.xctemplate */,
				E7CFF97025C3119000C0310C /* ADButton.xctemplate */,
				E7CFF8A225C1B69000C0310C /* ADSeparatorView.xctemplate */,
			);
			path = View;
			sourceTree = "<group>";
		};
		E7CFF8A225C1B69000C0310C /* ADSeparatorView.xctemplate */ = {
			isa = PBXGroup;
			children = (
				E7CFF8A325C1B69000C0310C /* TemplateIcon.png */,
				E7CFF8A425C1B69000C0310C /* TemplateIcon@2x.png */,
				E7CFF8A825C1B69000C0310C /* TemplateInfo.plist */,
				E7CFF8A925C1B6C000C0310C /* SeparatorView.swift */,
			);
			path = ADSeparatorView.xctemplate;
			sourceTree = "<group>";
		};
		E7CFF8AA25C1B70700C0310C /* UI */ = {
			isa = PBXGroup;
			children = (
				E7CFF8CA25C1BAB400C0310C /* ViewModel */,
				E7CFF8AB25C1B70C00C0310C /* View */,
			);
			path = UI;
			sourceTree = "<group>";
		};
		E7CFF8AB25C1B70C00C0310C /* View */ = {
			isa = PBXGroup;
			children = (
				E7CFF9EE25C4452D00C0310C /* ADHideable */,
				E7CFF9CD25C443CA00C0310C /* ADLoadable */,
				E7CFF99E25C31AC800C0310C /* ADAutoSizingCollectionView */,
				E7CFF97525C3132800C0310C /* ADButton */,
				E7CFF8AC25C1B71400C0310C /* ADSeparatorView */,
			);
			path = View;
			sourceTree = "<group>";
		};
		E7CFF8AC25C1B71400C0310C /* ADSeparatorView */ = {
			isa = PBXGroup;
			children = (
				E7CFF8B325C1B75200C0310C /* README.md */,
				E7CFF8AD25C1B73200C0310C /* SeparatorView.swift */,
			);
			path = ADSeparatorView;
			sourceTree = "<group>";
		};
		E7CFF8B425C1B88200C0310C /* ViewModel */ = {
			isa = PBXGroup;
			children = (
				E7CFF91525C1BFCF00C0310C /* ADImageViewModel.xctemplate */,
				E7CFF8E425C1BC2B00C0310C /* ADAlertViewModel.xctemplate */,
				E7CFF8B525C1B88800C0310C /* ADListViewModel.xctemplate */,
			);
			path = ViewModel;
			sourceTree = "<group>";
		};
		E7CFF8B525C1B88800C0310C /* ADListViewModel.xctemplate */ = {
			isa = PBXGroup;
			children = (
				E7CFF8BA25C1B8AB00C0310C /* ListViewModel.swift */,
				E7CFF8BB25C1B8DB00C0310C /* SectionViewModel.swift */,
				E7CFF8C025C1B95D00C0310C /* VoidHeaderViewModel.swift */,
				E7CFF8C425C1B9B400C0310C /* ViewID.swift */,
				E7CFF8C925C1BA3800C0310C /* DiffableDataSource.swift */,
				E7CFF8B625C1B88800C0310C /* TemplateIcon.png */,
				E7CFF8B825C1B88800C0310C /* TemplateIcon@2x.png */,
				E7CFF8B725C1B88800C0310C /* TemplateInfo.plist */,
			);
			path = ADListViewModel.xctemplate;
			sourceTree = "<group>";
		};
		E7CFF8CA25C1BAB400C0310C /* ViewModel */ = {
			isa = PBXGroup;
			children = (
				E7CFF92625C1C5E700C0310C /* ADImageViewModel */,
				E7CFF8F925C1BDCD00C0310C /* ADAlertViewModel */,
				E7CFF8CB25C1BABD00C0310C /* ADListViewModel */,
			);
			path = ViewModel;
			sourceTree = "<group>";
		};
		E7CFF8CB25C1BABD00C0310C /* ADListViewModel */ = {
			isa = PBXGroup;
			children = (
				E7CFF8DE25C1BB5C00C0310C /* README.md */,
				E7CFF8DF25C1BB7700C0310C /* PersonListViewModel.swift */,
				E7CFF8CC25C1BAD500C0310C /* ViewID.swift */,
				E7CFF8CD25C1BAD500C0310C /* VoidHeaderViewModel.swift */,
				E7CFF8CE25C1BAD500C0310C /* ListViewModel.swift */,
				E7CFF8CF25C1BAD500C0310C /* SectionViewModel.swift */,
				E7CFF8D025C1BAD500C0310C /* DiffableDataSource.swift */,
			);
			path = ADListViewModel;
			sourceTree = "<group>";
		};
		E7CFF8E425C1BC2B00C0310C /* ADAlertViewModel.xctemplate */ = {
			isa = PBXGroup;
			children = (
				E7CFF8E825C1BC5900C0310C /* AlertViewModel.swift */,
				E7CFF8EE25C1BC6700C0310C /* AlertActionViewModel.swift */,
				E7CFF8F225C1BC7900C0310C /* AlertPresenting.swift */,
				E7CFF8F825C1BD5800C0310C /* UIAlertControllerFactory.swift */,
				E7CFF8E625C1BC3800C0310C /* TemplateIcon.png */,
				E7CFF8E525C1BC3800C0310C /* TemplateIcon@2x.png */,
				E7CFF8E725C1BC3800C0310C /* TemplateInfo.plist */,
			);
			path = ADAlertViewModel.xctemplate;
			sourceTree = "<group>";
		};
		E7CFF8F925C1BDCD00C0310C /* ADAlertViewModel */ = {
			isa = PBXGroup;
			children = (
				E7CFF91425C1BF4400C0310C /* README.md */,
				E7CFF91125C1BE6000C0310C /* AlertPresenter.swift */,
				E7CFF8FA25C1BDDA00C0310C /* UIAlertControllerFactory.swift */,
				E7CFF8FB25C1BDDA00C0310C /* AlertViewModel.swift */,
				E7CFF8FC25C1BDDA00C0310C /* AlertActionViewModel.swift */,
				E7CFF8FD25C1BDDA00C0310C /* AlertPresenting.swift */,
			);
			path = ADAlertViewModel;
			sourceTree = "<group>";
		};
		E7CFF91525C1BFCF00C0310C /* ADImageViewModel.xctemplate */ = {
			isa = PBXGroup;
			children = (
				E7CFF91E25C1C21C00C0310C /* ImageName.swift */,
				E7CFF91925C1C06200C0310C /* ImageViewModel.swift */,
				E7CFF92425C1C27000C0310C /* ImageViewModel.ImageName+UIImage.swift */,
				E7CFF92525C1C27000C0310C /* UIImageView+ImageViewModel.swift */,
				E7CFF91725C1BFDD00C0310C /* TemplateIcon.png */,
				E7CFF91625C1BFDD00C0310C /* TemplateIcon@2x.png */,
				E7CFF91825C1BFDD00C0310C /* TemplateInfo.plist */,
			);
			path = ADImageViewModel.xctemplate;
			sourceTree = "<group>";
		};
		E7CFF92625C1C5E700C0310C /* ADImageViewModel */ = {
			isa = PBXGroup;
			children = (
				E7CFF92725C1C6EB00C0310C /* ImageName.swift */,
				E7CFF92825C1C6EB00C0310C /* ImageViewModel.swift */,
				E7CFF92925C1C6EB00C0310C /* UIImageView+ImageViewModel.swift */,
				E7CFF92A25C1C6EB00C0310C /* ImageViewModel.ImageName+UIImage.swift */,
			);
			path = ADImageViewModel;
			sourceTree = "<group>";
		};
		E7CFF97025C3119000C0310C /* ADButton.xctemplate */ = {
			isa = PBXGroup;
			children = (
				E7CFF97325C3119C00C0310C /* ADButton.swift */,
				E7CFF97225C3119C00C0310C /* TemplateIcon.png */,
				E7CFF97425C3119C00C0310C /* TemplateIcon@2x.png */,
				E7CFF97125C3119C00C0310C /* TemplateInfo.plist */,
			);
			path = ADButton.xctemplate;
			sourceTree = "<group>";
		};
		E7CFF97525C3132800C0310C /* ADButton */ = {
			isa = PBXGroup;
			children = (
				E7CFF97A25C3134200C0310C /* README.md */,
				E7CFF97625C3133F00C0310C /* CSButton.swift */,
				E7CFF9A325C31D3A00C0310C /* ViewStyle+CSButton.swift */,
			);
			path = ADButton;
			sourceTree = "<group>";
		};
		E7CFF99325C31AA100C0310C /* ADLoadable.xctemplate */ = {
			isa = PBXGroup;
			children = (
				E7CFF99525C31AA100C0310C /* Loadable.swift */,
				E7CFF9C325C441CC00C0310C /* View+HUD.swift */,
				E7CFF99425C31AA100C0310C /* TemplateIcon@2x.png */,
				E7CFF99625C31AA100C0310C /* TemplateIcon.png */,
				E7CFF99725C31AA100C0310C /* TemplateInfo.plist */,
			);
			path = ADLoadable.xctemplate;
			sourceTree = "<group>";
		};
		E7CFF99E25C31AC800C0310C /* ADAutoSizingCollectionView */ = {
			isa = PBXGroup;
			children = (
				E7CFF9A225C31B4300C0310C /* README.md */,
				E7CFF99F25C31B0200C0310C /* AutoSizingCollectionView.swift */,
			);
			path = ADAutoSizingCollectionView;
			sourceTree = "<group>";
		};
		E7CFF9B825C4416D00C0310C /* ADAutoSizingCollectionView.xctemplate */ = {
			isa = PBXGroup;
			children = (
				E7CFF9BA25C4416D00C0310C /* AutoSizingCollectionView.swift */,
				E7CFF9B925C4416D00C0310C /* TemplateIcon@2x.png */,
				E7CFF9BB25C4416D00C0310C /* TemplateIcon.png */,
				E7CFF9BC25C4416D00C0310C /* TemplateInfo.plist */,
			);
			path = ADAutoSizingCollectionView.xctemplate;
			sourceTree = "<group>";
		};
		E7CFF9CD25C443CA00C0310C /* ADLoadable */ = {
			isa = PBXGroup;
			children = (
				E7CFF9E425C4442800C0310C /* README.md */,
				E7CFF9CE25C443E300C0310C /* View+HUD.swift */,
				E7CFF9CF25C443E300C0310C /* Loadable.swift */,
			);
			path = ADLoadable;
			sourceTree = "<group>";
		};
		E7CFF9E525C4448300C0310C /* ADHideable.xctemplate */ = {
			isa = PBXGroup;
			children = (
				E7CFF9E625C4449A00C0310C /* Hideable.swift */,
				E7CFF9ED25C444BE00C0310C /* TemplateIcon@2x.png */,
				E7CFF9EB25C444BE00C0310C /* TemplateIcon.png */,
				E7CFF9EC25C444BE00C0310C /* TemplateInfo.plist */,
			);
			path = ADHideable.xctemplate;
			sourceTree = "<group>";
		};
		E7CFF9EE25C4452D00C0310C /* ADHideable */ = {
			isa = PBXGroup;
			children = (
				E7CFF9F425C4455800C0310C /* README.md */,
				E7CFF9F625C448AD00C0310C /* Hideable.swift */,
			);
			path = ADHideable;
			sourceTree = "<group>";
		};
		E7DEB5872488E0EB00109C0F = {
			isa = PBXGroup;
			children = (
				E7DEB5DB2488E96B00109C0F /* README.md */,
				E7F0BC5A2493B24E00D39411 /* CodeSnippet.md */,
				E7DEB5A72488E20400109C0F /* Source */,
				E7DEB5BF2488E64400109C0F /* XCTemplate */,
				E7DEB5BC2488E3E300109C0F /* Configuration */,
				E7784A862615BF0C00C8BF37 /* CodeSnippetTests */,
				E7DEB5912488E0EB00109C0F /* Products */,
				F4F0287920ABD67EACED7268 /* Pods */,
				E40916ADD9B8AF1A9712068C /* Frameworks */,
			);
			sourceTree = "<group>";
		};
		E7DEB5912488E0EB00109C0F /* Products */ = {
			isa = PBXGroup;
			children = (
				E7DEB5902488E0EB00109C0F /* CodeSnippet.app */,
				E7784A852615BF0C00C8BF37 /* CodeSnippetTests.xctest */,
			);
			name = Products;
			sourceTree = "<group>";
		};
		E7DEB5A72488E20400109C0F /* Source */ = {
			isa = PBXGroup;
			children = (
				E7DEB5BA2488E21200109C0F /* AppDelegate.swift */,
				E7DEB5A82488E20400109C0F /* LaunchScreen.storyboard */,
				E7DEB5DC248A331600109C0F /* CodeSnippet */,
			);
			path = Source;
			sourceTree = "<group>";
		};
		E7DEB5A92488E20400109C0F /* Module */ = {
			isa = PBXGroup;
			children = (
				E7784A4B2615B81000C8BF37 /* ADWeakReferenceStorage */,
				E7CFF88925C1B0CE00C0310C /* ADSortDescription */,
			);
			path = Module;
			sourceTree = "<group>";
		};
		E7DEB5AE2488E20400109C0F /* Data */ = {
			isa = PBXGroup;
			children = (
				E7DEB5D62488E69700109C0F /* ADCoreDataStack */,
			);
			path = Data;
			sourceTree = "<group>";
		};
		E7DEB5BC2488E3E300109C0F /* Configuration */ = {
			isa = PBXGroup;
			children = (
				E7DEB5BD2488E3E300109C0F /* Info.plist */,
			);
			path = Configuration;
			sourceTree = "<group>";
		};
		E7DEB5BF2488E64400109C0F /* XCTemplate */ = {
			isa = PBXGroup;
			children = (
				E7CFF8A025C1B67F00C0310C /* UI */,
				E7DEB5C02488E64400109C0F /* Module */,
				E7DEB5C92488E64400109C0F /* Data */,
			);
			path = XCTemplate;
			sourceTree = "<group>";
		};
		E7DEB5C02488E64400109C0F /* Module */ = {
			isa = PBXGroup;
			children = (
				E7784A392615B75100C8BF37 /* ADWeakReferenceStorage.xctemplate */,
				E72BDF98256FA70000C03F09 /* ADSortDescription.xctemplate */,
			);
			path = Module;
			sourceTree = "<group>";
		};
		E7DEB5C92488E64400109C0F /* Data */ = {
			isa = PBXGroup;
			children = (
				E7DEB5CA2488E64400109C0F /* ADCoreDataStack.xctemplate */,
			);
			path = Data;
			sourceTree = "<group>";
		};
		E7DEB5CA2488E64400109C0F /* ADCoreDataStack.xctemplate */ = {
			isa = PBXGroup;
			children = (
				E7CFF9AD25C43EEB00C0310C /* NSManagedObjectContext+NSManagedObject.swift */,
				E7DEB5CF2488E64400109C0F /* CoreDataContainer.swift */,
				E7DEB5CB2488E64400109C0F /* TemplateIcon@2x.png */,
				E7DEB5CD2488E64400109C0F /* TemplateIcon.png */,
				E7DEB5CE2488E64400109C0F /* TemplateInfo.plist */,
			);
			path = ADCoreDataStack.xctemplate;
			sourceTree = "<group>";
		};
		E7DEB5D62488E69700109C0F /* ADCoreDataStack */ = {
			isa = PBXGroup;
			children = (
				E7DEB5D92488E7AB00109C0F /* README.md */,
				E7CFF9B125C43F8100C0310C /* NSManagedObjectContext+NSManagedObject.swift */,
				E7CFF9B225C43F8100C0310C /* CoreDataContainer.swift */,
			);
			path = ADCoreDataStack;
			sourceTree = "<group>";
		};
		E7DEB5DC248A331600109C0F /* CodeSnippet */ = {
			isa = PBXGroup;
			children = (
				E7CFF8AA25C1B70700C0310C /* UI */,
				E7DEB5A92488E20400109C0F /* Module */,
				E7DEB5AE2488E20400109C0F /* Data */,
			);
			path = CodeSnippet;
			sourceTree = "<group>";
		};
		F4F0287920ABD67EACED7268 /* Pods */ = {
			isa = PBXGroup;
			children = (
				6D26136EB0C0F49E3ED5C3F3 /* Pods-CodeSnippet.debug.xcconfig */,
				EDD6EC3DBD754B25AB8FDC41 /* Pods-CodeSnippet.release.xcconfig */,
			);
			path = Pods;
			sourceTree = "<group>";
		};
/* End PBXGroup section */

/* Begin PBXNativeTarget section */
		E7784A842615BF0C00C8BF37 /* CodeSnippetTests */ = {
			isa = PBXNativeTarget;
			buildConfigurationList = E7784A8C2615BF0C00C8BF37 /* Build configuration list for PBXNativeTarget "CodeSnippetTests" */;
			buildPhases = (
				E7784A812615BF0C00C8BF37 /* Sources */,
				E7784A822615BF0C00C8BF37 /* Frameworks */,
				E7784A832615BF0C00C8BF37 /* Resources */,
			);
			buildRules = (
			);
			dependencies = (
				E7784A8B2615BF0C00C8BF37 /* PBXTargetDependency */,
			);
			name = CodeSnippetTests;
			productName = CodeSnippetTests;
			productReference = E7784A852615BF0C00C8BF37 /* CodeSnippetTests.xctest */;
			productType = "com.apple.product-type.bundle.unit-test";
		};
		E7DEB58F2488E0EB00109C0F /* CodeSnippet */ = {
			isa = PBXNativeTarget;
			buildConfigurationList = E7DEB5A42488E0EB00109C0F /* Build configuration list for PBXNativeTarget "CodeSnippet" */;
			buildPhases = (
				023D927AEF4BC4A7E9982D17 /* [CP] Check Pods Manifest.lock */,
				E7DEB58C2488E0EB00109C0F /* Sources */,
				E7DEB58D2488E0EB00109C0F /* Frameworks */,
				E7DEB58E2488E0EB00109C0F /* Resources */,
				73D627026394DA8ADAFBF84B /* [CP] Embed Pods Frameworks */,
			);
			buildRules = (
			);
			dependencies = (
			);
			name = CodeSnippet;
			productName = CodeSnippet;
			productReference = E7DEB5902488E0EB00109C0F /* CodeSnippet.app */;
			productType = "com.apple.product-type.application";
		};
/* End PBXNativeTarget section */

/* Begin PBXProject section */
		E7DEB5882488E0EB00109C0F /* Project object */ = {
			isa = PBXProject;
			attributes = {
				LastSwiftUpdateCheck = 1240;
				LastUpgradeCheck = 1150;
				ORGANIZATIONNAME = Zanella;
				TargetAttributes = {
					E7784A842615BF0C00C8BF37 = {
						CreatedOnToolsVersion = 12.4;
						TestTargetID = E7DEB58F2488E0EB00109C0F;
					};
					E7DEB58F2488E0EB00109C0F = {
						CreatedOnToolsVersion = 11.5;
					};
				};
			};
			buildConfigurationList = E7DEB58B2488E0EB00109C0F /* Build configuration list for PBXProject "CodeSnippet" */;
			compatibilityVersion = "Xcode 9.3";
			developmentRegion = en;
			hasScannedForEncodings = 0;
			knownRegions = (
				en,
				Base,
			);
			mainGroup = E7DEB5872488E0EB00109C0F;
			productRefGroup = E7DEB5912488E0EB00109C0F /* Products */;
			projectDirPath = "";
			projectRoot = "";
			targets = (
				E7DEB58F2488E0EB00109C0F /* CodeSnippet */,
				E7784A842615BF0C00C8BF37 /* CodeSnippetTests */,
			);
		};
/* End PBXProject section */

/* Begin PBXResourcesBuildPhase section */
		E7784A832615BF0C00C8BF37 /* Resources */ = {
			isa = PBXResourcesBuildPhase;
			buildActionMask = 2147483647;
			files = (
			);
			runOnlyForDeploymentPostprocessing = 0;
		};
		E7DEB58E2488E0EB00109C0F /* Resources */ = {
			isa = PBXResourcesBuildPhase;
			buildActionMask = 2147483647;
			files = (
				E7DEB5B22488E20400109C0F /* LaunchScreen.storyboard in Resources */,
				E7F0BC5B2493B24F00D39411 /* CodeSnippet.md in Resources */,
			);
			runOnlyForDeploymentPostprocessing = 0;
		};
/* End PBXResourcesBuildPhase section */

/* Begin PBXShellScriptBuildPhase section */
		023D927AEF4BC4A7E9982D17 /* [CP] Check Pods Manifest.lock */ = {
			isa = PBXShellScriptBuildPhase;
			buildActionMask = 2147483647;
			files = (
			);
			inputFileListPaths = (
			);
			inputPaths = (
				"${PODS_PODFILE_DIR_PATH}/Podfile.lock",
				"${PODS_ROOT}/Manifest.lock",
			);
			name = "[CP] Check Pods Manifest.lock";
			outputFileListPaths = (
			);
			outputPaths = (
				"$(DERIVED_FILE_DIR)/Pods-CodeSnippet-checkManifestLockResult.txt",
			);
			runOnlyForDeploymentPostprocessing = 0;
			shellPath = /bin/sh;
			shellScript = "diff \"${PODS_PODFILE_DIR_PATH}/Podfile.lock\" \"${PODS_ROOT}/Manifest.lock\" > /dev/null\nif [ $? != 0 ] ; then\n    # print error to STDERR\n    echo \"error: The sandbox is not in sync with the Podfile.lock. Run 'pod install' or update your CocoaPods installation.\" >&2\n    exit 1\nfi\n# This output is used by Xcode 'outputs' to avoid re-running this script phase.\necho \"SUCCESS\" > \"${SCRIPT_OUTPUT_FILE_0}\"\n";
			showEnvVarsInLog = 0;
		};
		73D627026394DA8ADAFBF84B /* [CP] Embed Pods Frameworks */ = {
			isa = PBXShellScriptBuildPhase;
			buildActionMask = 2147483647;
			files = (
			);
			inputFileListPaths = (
				"${PODS_ROOT}/Target Support Files/Pods-CodeSnippet/Pods-CodeSnippet-frameworks-${CONFIGURATION}-input-files.xcfilelist",
			);
			name = "[CP] Embed Pods Frameworks";
			outputFileListPaths = (
				"${PODS_ROOT}/Target Support Files/Pods-CodeSnippet/Pods-CodeSnippet-frameworks-${CONFIGURATION}-output-files.xcfilelist",
			);
			runOnlyForDeploymentPostprocessing = 0;
			shellPath = /bin/sh;
			shellScript = "\"${PODS_ROOT}/Target Support Files/Pods-CodeSnippet/Pods-CodeSnippet-frameworks.sh\"\n";
			showEnvVarsInLog = 0;
		};
/* End PBXShellScriptBuildPhase section */

/* Begin PBXSourcesBuildPhase section */
		E7784A812615BF0C00C8BF37 /* Sources */ = {
			isa = PBXSourcesBuildPhase;
			buildActionMask = 2147483647;
			files = (
				E7784A882615BF0C00C8BF37 /* ObservableTests.swift in Sources */,
			);
			runOnlyForDeploymentPostprocessing = 0;
		};
		E7DEB58C2488E0EB00109C0F /* Sources */ = {
			isa = PBXSourcesBuildPhase;
			buildActionMask = 2147483647;
			files = (
				E7CFF9D025C443E300C0310C /* View+HUD.swift in Sources */,
				E7CFF8E025C1BB7700C0310C /* PersonListViewModel.swift in Sources */,
				E7CFF90025C1BDDA00C0310C /* AlertActionViewModel.swift in Sources */,
				E7CFF8AE25C1B73200C0310C /* SeparatorView.swift in Sources */,
				E72BDFC3256FAA9800C03F09 /* SortDescription+App.swift in Sources */,
				E7CFF90125C1BDDA00C0310C /* AlertPresenting.swift in Sources */,
				E7784A7D2615BB4E00C8BF37 /* WeakReferenceStorage.swift in Sources */,
				E7CFF9A025C31B0200C0310C /* AutoSizingCollectionView.swift in Sources */,
				E7CFF8FF25C1BDDA00C0310C /* AlertViewModel.swift in Sources */,
				E7CFF94425C1C73200C0310C /* UIImageView+ImageViewModel.swift in Sources */,
				E7CFF9D125C443E300C0310C /* Loadable.swift in Sources */,
				E7DEB5BB2488E21200109C0F /* AppDelegate.swift in Sources */,
				E7CFF89625C1B3F500C0310C /* SortDescription.swift in Sources */,
				E7CFF9F725C448AD00C0310C /* Hideable.swift in Sources */,
				E7CFF8D525C1BAD500C0310C /* DiffableDataSource.swift in Sources */,
				E7CFF94125C1C73200C0310C /* ImageName.swift in Sources */,
				E7CFF94225C1C73200C0310C /* ImageViewModel.swift in Sources */,
				E7CFF8D325C1BAD500C0310C /* ListViewModel.swift in Sources */,
				E7CFF8D425C1BAD500C0310C /* SectionViewModel.swift in Sources */,
				E7CFF8FE25C1BDDA00C0310C /* UIAlertControllerFactory.swift in Sources */,
				E7CFF9B425C43F9400C0310C /* NSManagedObjectContext+NSManagedObject.swift in Sources */,
				E7CFF89725C1B3F500C0310C /* Sequence+SortDescription.swift in Sources */,
				E7CFF94325C1C73200C0310C /* ImageViewModel.ImageName+UIImage.swift in Sources */,
				E7CFF8D225C1BAD500C0310C /* VoidHeaderViewModel.swift in Sources */,
				E7CFF9B625C43F9600C0310C /* CoreDataContainer.swift in Sources */,
				E7CFF8D125C1BAD500C0310C /* ViewID.swift in Sources */,
				E7CFF97725C3133F00C0310C /* CSButton.swift in Sources */,
				E7CFF9A425C31D3A00C0310C /* ViewStyle+CSButton.swift in Sources */,
				E7CFF89825C1B3F500C0310C /* Sequence+LocalizedOrder.swift in Sources */,
				E7CFF91225C1BE6000C0310C /* AlertPresenter.swift in Sources */,
			);
			runOnlyForDeploymentPostprocessing = 0;
		};
/* End PBXSourcesBuildPhase section */

/* Begin PBXTargetDependency section */
		E7784A8B2615BF0C00C8BF37 /* PBXTargetDependency */ = {
			isa = PBXTargetDependency;
			target = E7DEB58F2488E0EB00109C0F /* CodeSnippet */;
			targetProxy = E7784A8A2615BF0C00C8BF37 /* PBXContainerItemProxy */;
		};
/* End PBXTargetDependency section */

/* Begin XCBuildConfiguration section */
		E7784A8D2615BF0C00C8BF37 /* Debug */ = {
			isa = XCBuildConfiguration;
			buildSettings = {
				BUNDLE_LOADER = "$(TEST_HOST)";
				CLANG_WARN_QUOTED_INCLUDE_IN_FRAMEWORK_HEADER = YES;
				CODE_SIGN_STYLE = Automatic;
				DEVELOPMENT_TEAM = C7G63Q6LZ9;
				INFOPLIST_FILE = CodeSnippetTests/Info.plist;
				IPHONEOS_DEPLOYMENT_TARGET = 14.4;
				LD_RUNPATH_SEARCH_PATHS = (
					"$(inherited)",
					"@executable_path/Frameworks",
					"@loader_path/Frameworks",
				);
				PRODUCT_BUNDLE_IDENTIFIER = com.gaetanzanella.CodeSnippetTests;
				PRODUCT_NAME = "$(TARGET_NAME)";
				SWIFT_VERSION = 5.0;
				TARGETED_DEVICE_FAMILY = "1,2";
				TEST_HOST = "$(BUILT_PRODUCTS_DIR)/CodeSnippet.app/CodeSnippet";
			};
			name = Debug;
		};
		E7784A8E2615BF0C00C8BF37 /* Release */ = {
			isa = XCBuildConfiguration;
			buildSettings = {
				BUNDLE_LOADER = "$(TEST_HOST)";
				CLANG_WARN_QUOTED_INCLUDE_IN_FRAMEWORK_HEADER = YES;
				CODE_SIGN_STYLE = Automatic;
				DEVELOPMENT_TEAM = C7G63Q6LZ9;
				INFOPLIST_FILE = CodeSnippetTests/Info.plist;
				IPHONEOS_DEPLOYMENT_TARGET = 14.4;
				LD_RUNPATH_SEARCH_PATHS = (
					"$(inherited)",
					"@executable_path/Frameworks",
					"@loader_path/Frameworks",
				);
				PRODUCT_BUNDLE_IDENTIFIER = com.gaetanzanella.CodeSnippetTests;
				PRODUCT_NAME = "$(TARGET_NAME)";
				SWIFT_VERSION = 5.0;
				TARGETED_DEVICE_FAMILY = "1,2";
				TEST_HOST = "$(BUILT_PRODUCTS_DIR)/CodeSnippet.app/CodeSnippet";
			};
			name = Release;
		};
		E7DEB5A22488E0EB00109C0F /* Debug */ = {
			isa = XCBuildConfiguration;
			buildSettings = {
				ALWAYS_SEARCH_USER_PATHS = NO;
				CLANG_ANALYZER_NONNULL = YES;
				CLANG_ANALYZER_NUMBER_OBJECT_CONVERSION = YES_AGGRESSIVE;
				CLANG_CXX_LANGUAGE_STANDARD = "gnu++14";
				CLANG_CXX_LIBRARY = "libc++";
				CLANG_ENABLE_MODULES = YES;
				CLANG_ENABLE_OBJC_ARC = YES;
				CLANG_ENABLE_OBJC_WEAK = YES;
				CLANG_WARN_BLOCK_CAPTURE_AUTORELEASING = YES;
				CLANG_WARN_BOOL_CONVERSION = YES;
				CLANG_WARN_COMMA = YES;
				CLANG_WARN_CONSTANT_CONVERSION = YES;
				CLANG_WARN_DEPRECATED_OBJC_IMPLEMENTATIONS = YES;
				CLANG_WARN_DIRECT_OBJC_ISA_USAGE = YES_ERROR;
				CLANG_WARN_DOCUMENTATION_COMMENTS = YES;
				CLANG_WARN_EMPTY_BODY = YES;
				CLANG_WARN_ENUM_CONVERSION = YES;
				CLANG_WARN_INFINITE_RECURSION = YES;
				CLANG_WARN_INT_CONVERSION = YES;
				CLANG_WARN_NON_LITERAL_NULL_CONVERSION = YES;
				CLANG_WARN_OBJC_IMPLICIT_RETAIN_SELF = YES;
				CLANG_WARN_OBJC_LITERAL_CONVERSION = YES;
				CLANG_WARN_OBJC_ROOT_CLASS = YES_ERROR;
				CLANG_WARN_RANGE_LOOP_ANALYSIS = YES;
				CLANG_WARN_STRICT_PROTOTYPES = YES;
				CLANG_WARN_SUSPICIOUS_MOVE = YES;
				CLANG_WARN_UNGUARDED_AVAILABILITY = YES_AGGRESSIVE;
				CLANG_WARN_UNREACHABLE_CODE = YES;
				CLANG_WARN__DUPLICATE_METHOD_MATCH = YES;
				COPY_PHASE_STRIP = NO;
				DEBUG_INFORMATION_FORMAT = dwarf;
				ENABLE_STRICT_OBJC_MSGSEND = YES;
				ENABLE_TESTABILITY = YES;
				GCC_C_LANGUAGE_STANDARD = gnu11;
				GCC_DYNAMIC_NO_PIC = NO;
				GCC_NO_COMMON_BLOCKS = YES;
				GCC_OPTIMIZATION_LEVEL = 0;
				GCC_PREPROCESSOR_DEFINITIONS = (
					"DEBUG=1",
					"$(inherited)",
				);
				GCC_WARN_64_TO_32_BIT_CONVERSION = YES;
				GCC_WARN_ABOUT_RETURN_TYPE = YES_ERROR;
				GCC_WARN_UNDECLARED_SELECTOR = YES;
				GCC_WARN_UNINITIALIZED_AUTOS = YES_AGGRESSIVE;
				GCC_WARN_UNUSED_FUNCTION = YES;
				GCC_WARN_UNUSED_VARIABLE = YES;
				IPHONEOS_DEPLOYMENT_TARGET = 13.0;
				MTL_ENABLE_DEBUG_INFO = INCLUDE_SOURCE;
				MTL_FAST_MATH = YES;
				ONLY_ACTIVE_ARCH = YES;
				SDKROOT = iphoneos;
				SWIFT_ACTIVE_COMPILATION_CONDITIONS = DEBUG;
				SWIFT_OPTIMIZATION_LEVEL = "-Onone";
			};
			name = Debug;
		};
		E7DEB5A32488E0EB00109C0F /* Release */ = {
			isa = XCBuildConfiguration;
			buildSettings = {
				ALWAYS_SEARCH_USER_PATHS = NO;
				CLANG_ANALYZER_NONNULL = YES;
				CLANG_ANALYZER_NUMBER_OBJECT_CONVERSION = YES_AGGRESSIVE;
				CLANG_CXX_LANGUAGE_STANDARD = "gnu++14";
				CLANG_CXX_LIBRARY = "libc++";
				CLANG_ENABLE_MODULES = YES;
				CLANG_ENABLE_OBJC_ARC = YES;
				CLANG_ENABLE_OBJC_WEAK = YES;
				CLANG_WARN_BLOCK_CAPTURE_AUTORELEASING = YES;
				CLANG_WARN_BOOL_CONVERSION = YES;
				CLANG_WARN_COMMA = YES;
				CLANG_WARN_CONSTANT_CONVERSION = YES;
				CLANG_WARN_DEPRECATED_OBJC_IMPLEMENTATIONS = YES;
				CLANG_WARN_DIRECT_OBJC_ISA_USAGE = YES_ERROR;
				CLANG_WARN_DOCUMENTATION_COMMENTS = YES;
				CLANG_WARN_EMPTY_BODY = YES;
				CLANG_WARN_ENUM_CONVERSION = YES;
				CLANG_WARN_INFINITE_RECURSION = YES;
				CLANG_WARN_INT_CONVERSION = YES;
				CLANG_WARN_NON_LITERAL_NULL_CONVERSION = YES;
				CLANG_WARN_OBJC_IMPLICIT_RETAIN_SELF = YES;
				CLANG_WARN_OBJC_LITERAL_CONVERSION = YES;
				CLANG_WARN_OBJC_ROOT_CLASS = YES_ERROR;
				CLANG_WARN_RANGE_LOOP_ANALYSIS = YES;
				CLANG_WARN_STRICT_PROTOTYPES = YES;
				CLANG_WARN_SUSPICIOUS_MOVE = YES;
				CLANG_WARN_UNGUARDED_AVAILABILITY = YES_AGGRESSIVE;
				CLANG_WARN_UNREACHABLE_CODE = YES;
				CLANG_WARN__DUPLICATE_METHOD_MATCH = YES;
				COPY_PHASE_STRIP = NO;
				DEBUG_INFORMATION_FORMAT = "dwarf-with-dsym";
				ENABLE_NS_ASSERTIONS = NO;
				ENABLE_STRICT_OBJC_MSGSEND = YES;
				GCC_C_LANGUAGE_STANDARD = gnu11;
				GCC_NO_COMMON_BLOCKS = YES;
				GCC_WARN_64_TO_32_BIT_CONVERSION = YES;
				GCC_WARN_ABOUT_RETURN_TYPE = YES_ERROR;
				GCC_WARN_UNDECLARED_SELECTOR = YES;
				GCC_WARN_UNINITIALIZED_AUTOS = YES_AGGRESSIVE;
				GCC_WARN_UNUSED_FUNCTION = YES;
				GCC_WARN_UNUSED_VARIABLE = YES;
				IPHONEOS_DEPLOYMENT_TARGET = 13.0;
				MTL_ENABLE_DEBUG_INFO = NO;
				MTL_FAST_MATH = YES;
				SDKROOT = iphoneos;
				SWIFT_COMPILATION_MODE = wholemodule;
				SWIFT_OPTIMIZATION_LEVEL = "-O";
				VALIDATE_PRODUCT = YES;
			};
			name = Release;
		};
		E7DEB5A52488E0EB00109C0F /* Debug */ = {
			isa = XCBuildConfiguration;
			baseConfigurationReference = 6D26136EB0C0F49E3ED5C3F3 /* Pods-CodeSnippet.debug.xcconfig */;
			buildSettings = {
				ASSETCATALOG_COMPILER_APPICON_NAME = AppIcon;
				CODE_SIGN_STYLE = Automatic;
				DEVELOPMENT_TEAM = U5M7X5V6ZG;
				ENABLE_PREVIEWS = YES;
				INFOPLIST_FILE = "$(SRCROOT)/Configuration/Info.plist";
				IPHONEOS_DEPLOYMENT_TARGET = 13.0;
				LD_RUNPATH_SEARCH_PATHS = (
					"$(inherited)",
					"@executable_path/Frameworks",
				);
				PRODUCT_BUNDLE_IDENTIFIER = com.fabernovel.CodeSnippet;
				PRODUCT_NAME = "$(TARGET_NAME)";
				SWIFT_VERSION = 5.0;
				TARGETED_DEVICE_FAMILY = "1,2";
			};
			name = Debug;
		};
		E7DEB5A62488E0EB00109C0F /* Release */ = {
			isa = XCBuildConfiguration;
			baseConfigurationReference = EDD6EC3DBD754B25AB8FDC41 /* Pods-CodeSnippet.release.xcconfig */;
			buildSettings = {
				ASSETCATALOG_COMPILER_APPICON_NAME = AppIcon;
				CODE_SIGN_STYLE = Automatic;
				DEVELOPMENT_TEAM = U5M7X5V6ZG;
				ENABLE_PREVIEWS = YES;
				INFOPLIST_FILE = "$(SRCROOT)/Configuration/Info.plist";
				IPHONEOS_DEPLOYMENT_TARGET = 13.0;
				LD_RUNPATH_SEARCH_PATHS = (
					"$(inherited)",
					"@executable_path/Frameworks",
				);
				PRODUCT_BUNDLE_IDENTIFIER = com.fabernovel.CodeSnippet;
				PRODUCT_NAME = "$(TARGET_NAME)";
				SWIFT_VERSION = 5.0;
				TARGETED_DEVICE_FAMILY = "1,2";
			};
			name = Release;
		};
/* End XCBuildConfiguration section */

/* Begin XCConfigurationList section */
		E7784A8C2615BF0C00C8BF37 /* Build configuration list for PBXNativeTarget "CodeSnippetTests" */ = {
			isa = XCConfigurationList;
			buildConfigurations = (
				E7784A8D2615BF0C00C8BF37 /* Debug */,
				E7784A8E2615BF0C00C8BF37 /* Release */,
			);
			defaultConfigurationIsVisible = 0;
			defaultConfigurationName = Release;
		};
		E7DEB58B2488E0EB00109C0F /* Build configuration list for PBXProject "CodeSnippet" */ = {
			isa = XCConfigurationList;
			buildConfigurations = (
				E7DEB5A22488E0EB00109C0F /* Debug */,
				E7DEB5A32488E0EB00109C0F /* Release */,
			);
			defaultConfigurationIsVisible = 0;
			defaultConfigurationName = Release;
		};
		E7DEB5A42488E0EB00109C0F /* Build configuration list for PBXNativeTarget "CodeSnippet" */ = {
			isa = XCConfigurationList;
			buildConfigurations = (
				E7DEB5A52488E0EB00109C0F /* Debug */,
				E7DEB5A62488E0EB00109C0F /* Release */,
			);
			defaultConfigurationIsVisible = 0;
			defaultConfigurationName = Release;
		};
/* End XCConfigurationList section */
	};
	rootObject = E7DEB5882488E0EB00109C0F /* Project object */;
}
